
Microsoft Visual Studio Solution File, Format Version 12.00
# Visual Studio Version 17
VisualStudioVersion = 17.7.34031.279
MinimumVisualStudioVersion = 10.0.40219.1
Project("{FAE04EC0-301F-11D3-BF4B-00C04F79EFBC}") = "ArrayListExample", "ArrayListExample\ArrayListExample.csproj", "{A896CCC9-7FA8-4ADE-90AE-4F1B13EF4AD5}"
EndProject
Global
	GlobalSection(SolutionConfigurationPlatforms) = preSolution
		Debug|Any CPU = Debug|Any CPU
		Release|Any CPU = Release|Any CPU
	EndGlobalSection
	GlobalSection(ProjectConfigurationPlatforms) = postSolution
		{A896CCC9-7FA8-4ADE-90AE-4F1B13EF4AD5}.Debug|Any CPU.ActiveCfg = Debug|Any CPU
		{A896CCC9-7FA8-4ADE-90AE-4F1B13EF4AD5}.Debug|Any CPU.Build.0 = Debug|Any CPU
		{A896CCC9-7FA8-4ADE-90AE-4F1B13EF4AD5}.Release|Any CPU.ActiveCfg = Release|Any CPU
		{A896CCC9-7FA8-4ADE-90AE-4F1B13EF4AD5}.Release|Any CPU.Build.0 = Release|Any CPU
	EndGlobalSection
	GlobalSection(SolutionProperties) = preSolution
		HideSolutionNode = FALSE
	EndGlobalSection
	GlobalSection(ExtensibilityGlobals) = postSolution
		SolutionGuid = {F00A5FF6-366B-4495-9A79-DF373D3BC885}
	EndGlobalSection
EndGlobal
