
Microsoft Visual Studio Solution File, Format Version 12.00
# Visual Studio Version 17
VisualStudioVersion = 17.7.34031.279
MinimumVisualStudioVersion = 10.0.40219.1
Project("{FAE04EC0-301F-11D3-BF4B-00C04F79EFBC}") = "QueueExample", "QueueExample\QueueExample.csproj", "{7A52EAD4-F063-4FC3-898D-4094ED8483CA}"
EndProject
Global
	GlobalSection(SolutionConfigurationPlatforms) = preSolution
		Debug|Any CPU = Debug|Any CPU
		Release|Any CPU = Release|Any CPU
	EndGlobalSection
	GlobalSection(ProjectConfigurationPlatforms) = postSolution
		{7A52EAD4-F063-4FC3-898D-4094ED8483CA}.Debug|Any CPU.ActiveCfg = Debug|Any CPU
		{7A52EAD4-F063-4FC3-898D-4094ED8483CA}.Debug|Any CPU.Build.0 = Debug|Any CPU
		{7A52EAD4-F063-4FC3-898D-4094ED8483CA}.Release|Any CPU.ActiveCfg = Release|Any CPU
		{7A52EAD4-F063-4FC3-898D-4094ED8483CA}.Release|Any CPU.Build.0 = Release|Any CPU
	EndGlobalSection
	GlobalSection(SolutionProperties) = preSolution
		HideSolutionNode = FALSE
	EndGlobalSection
	GlobalSection(ExtensibilityGlobals) = postSolution
		SolutionGuid = {5FBA8C6F-4072-4657-AF45-06D7AD22EDC0}
	EndGlobalSection
EndGlobal
