
Microsoft Visual Studio Solution File, Format Version 12.00
# Visual Studio Version 17
VisualStudioVersion = 17.7.34031.279
MinimumVisualStudioVersion = 10.0.40219.1
Project("{FAE04EC0-301F-11D3-BF4B-00C04F79EFBC}") = "HashTableExample", "HashTableExample\HashTableExample.csproj", "{EB2F0442-378D-4D91-A3C9-20DD377B2087}"
EndProject
Global
	GlobalSection(SolutionConfigurationPlatforms) = preSolution
		Debug|Any CPU = Debug|Any CPU
		Release|Any CPU = Release|Any CPU
	EndGlobalSection
	GlobalSection(ProjectConfigurationPlatforms) = postSolution
		{EB2F0442-378D-4D91-A3C9-20DD377B2087}.Debug|Any CPU.ActiveCfg = Debug|Any CPU
		{EB2F0442-378D-4D91-A3C9-20DD377B2087}.Debug|Any CPU.Build.0 = Debug|Any CPU
		{EB2F0442-378D-4D91-A3C9-20DD377B2087}.Release|Any CPU.ActiveCfg = Release|Any CPU
		{EB2F0442-378D-4D91-A3C9-20DD377B2087}.Release|Any CPU.Build.0 = Release|Any CPU
	EndGlobalSection
	GlobalSection(SolutionProperties) = preSolution
		HideSolutionNode = FALSE
	EndGlobalSection
	GlobalSection(ExtensibilityGlobals) = postSolution
		SolutionGuid = {F8041912-D1AF-407F-AB10-996679499A0E}
	EndGlobalSection
EndGlobal
